
Microsoft Visual Studio Solution File, Format Version 12.00
# Visual Studio Version 17
VisualStudioVersion = 17.14.36121.58 d17.14
MinimumVisualStudioVersion = 10.0.40219.1
Project("{FAE04EC0-301F-11D3-BF4B-00C04F79EFBC}") = "koledzDZ5", "koledzDZ5\koledzDZ5.csproj", "{CFAD1FC5-FD21-4562-945F-E793E1B648DD}"
EndProject
Global
	GlobalSection(SolutionConfigurationPlatforms) = preSolution
		Debug|Any CPU = Debug|Any CPU
		Release|Any CPU = Release|Any CPU
	EndGlobalSection
	GlobalSection(ProjectConfigurationPlatforms) = postSolution
		{CFAD1FC5-FD21-4562-945F-E793E1B648DD}.Debug|Any CPU.ActiveCfg = Debug|Any CPU
		{CFAD1FC5-FD21-4562-945F-E793E1B648DD}.Debug|Any CPU.Build.0 = Debug|Any CPU
		{CFAD1FC5-FD21-4562-945F-E793E1B648DD}.Release|Any CPU.ActiveCfg = Release|Any CPU
		{CFAD1FC5-FD21-4562-945F-E793E1B648DD}.Release|Any CPU.Build.0 = Release|Any CPU
	EndGlobalSection
	GlobalSection(SolutionProperties) = preSolution
		HideSolutionNode = FALSE
	EndGlobalSection
	GlobalSection(ExtensibilityGlobals) = postSolution
		SolutionGuid = {2591C754-F53D-43FE-B28B-B140162A3542}
	EndGlobalSection
EndGlobal
